Microsoft Visual Studio Solution File, Format Version 11.00
# Visual Studio 2008

Project("{9251EC21-2727-A071-9AE6-959704B6F783}") = "NeuralNetworkUtility", "Assembly-CSharp.csproj", "{7238864E-E571-6345-22F7-DBEED639FD53}"
EndProject
Global
	GlobalSection(SolutionConfigurationPlatforms) = preSolution
		Debug|Any CPU = Debug|Any CPU
		Release|Any CPU = Release|Any CPU
	EndGlobalSection
	GlobalSection(ProjectConfigurationPlatforms) = postSolution
		{7238864E-E571-6345-22F7-DBEED639FD53}.Debug|Any CPU.ActiveCfg = Debug|Any CPU
		{7238864E-E571-6345-22F7-DBEED639FD53}.Debug|Any CPU.Build.0 = Debug|Any CPU
		{7238864E-E571-6345-22F7-DBEED639FD53}.Release|Any CPU.ActiveCfg = Release|Any CPU
		{7238864E-E571-6345-22F7-DBEED639FD53}.Release|Any CPU.Build.0 = Release|Any CPU
	EndGlobalSection
	GlobalSection(SolutionProperties) = preSolution
		HideSolutionNode = FALSE
	EndGlobalSection
	GlobalSection(MonoDevelopProperties) = preSolution
		StartupItem = Assembly-CSharp.csproj
	EndGlobalSection
EndGlobal
